
Microsoft Visual Studio Solution File, Format Version 12.00
# Visual Studio 14
VisualStudioVersion = 14.0.25420.1
MinimumVisualStudioVersion = 10.0.40219.1
Project("{FAE04EC0-301F-11D3-BF4B-00C04F79EFBC}") = "SlbiReport", "SlbiReport\SlbiReport.csproj", "{95ED1841-983E-408A-8A57-DB16BCA390B1}"
EndProject
Project("{FAE04EC0-301F-11D3-BF4B-00C04F79EFBC}") = "LiveAzure.Resources", "LiveAzure.Resources\LiveAzure.Resources.csproj", "{093D6211-B41C-45C7-8EC6-435B22778AF1}"
EndProject
Project("{FAE04EC0-301F-11D3-BF4B-00C04F79EFBC}") = "WindowsFormsApplication1", "WindowsFormsApplication1\WindowsFormsApplication1.csproj", "{D7DEDDC8-B7A7-4B94-8869-5CD6A546B824}"
EndProject
Project("{FAE04EC0-301F-11D3-BF4B-00C04F79EFBC}") = "WindowsFormsApplication2", "WindowsFormsApplication2\WindowsFormsApplication2.csproj", "{B8E35C10-5F3B-4291-AA88-3FC0359D11D0}"
EndProject
Global
	GlobalSection(SolutionConfigurationPlatforms) = preSolution
		Debug|Any CPU = Debug|Any CPU
		Debug|x64 = Debug|x64
		Release|Any CPU = Release|Any CPU
		Release|x64 = Release|x64
	EndGlobalSection
	GlobalSection(ProjectConfigurationPlatforms) = postSolution
		{95ED1841-983E-408A-8A57-DB16BCA390B1}.Debug|Any CPU.ActiveCfg = Debug|Any CPU
		{95ED1841-983E-408A-8A57-DB16BCA390B1}.Debug|Any CPU.Build.0 = Debug|Any CPU
		{95ED1841-983E-408A-8A57-DB16BCA390B1}.Debug|x64.ActiveCfg = Debug|Any CPU
		{95ED1841-983E-408A-8A57-DB16BCA390B1}.Debug|x64.Build.0 = Debug|Any CPU
		{95ED1841-983E-408A-8A57-DB16BCA390B1}.Release|Any CPU.ActiveCfg = Release|Any CPU
		{95ED1841-983E-408A-8A57-DB16BCA390B1}.Release|Any CPU.Build.0 = Release|Any CPU
		{95ED1841-983E-408A-8A57-DB16BCA390B1}.Release|x64.ActiveCfg = Release|Any CPU
		{95ED1841-983E-408A-8A57-DB16BCA390B1}.Release|x64.Build.0 = Release|Any CPU
		{093D6211-B41C-45C7-8EC6-435B22778AF1}.Debug|Any CPU.ActiveCfg = Debug|Any CPU
		{093D6211-B41C-45C7-8EC6-435B22778AF1}.Debug|Any CPU.Build.0 = Debug|Any CPU
		{093D6211-B41C-45C7-8EC6-435B22778AF1}.Debug|x64.ActiveCfg = Debug|x64
		{093D6211-B41C-45C7-8EC6-435B22778AF1}.Debug|x64.Build.0 = Debug|x64
		{093D6211-B41C-45C7-8EC6-435B22778AF1}.Release|Any CPU.ActiveCfg = Release|Any CPU
		{093D6211-B41C-45C7-8EC6-435B22778AF1}.Release|Any CPU.Build.0 = Release|Any CPU
		{093D6211-B41C-45C7-8EC6-435B22778AF1}.Release|x64.ActiveCfg = Release|x64
		{093D6211-B41C-45C7-8EC6-435B22778AF1}.Release|x64.Build.0 = Release|x64
		{D7DEDDC8-B7A7-4B94-8869-5CD6A546B824}.Debug|Any CPU.ActiveCfg = Debug|Any CPU
		{D7DEDDC8-B7A7-4B94-8869-5CD6A546B824}.Debug|Any CPU.Build.0 = Debug|Any CPU
		{D7DEDDC8-B7A7-4B94-8869-5CD6A546B824}.Debug|x64.ActiveCfg = Debug|Any CPU
		{D7DEDDC8-B7A7-4B94-8869-5CD6A546B824}.Debug|x64.Build.0 = Debug|Any CPU
		{D7DEDDC8-B7A7-4B94-8869-5CD6A546B824}.Release|Any CPU.ActiveCfg = Release|Any CPU
		{D7DEDDC8-B7A7-4B94-8869-5CD6A546B824}.Release|Any CPU.Build.0 = Release|Any CPU
		{D7DEDDC8-B7A7-4B94-8869-5CD6A546B824}.Release|x64.ActiveCfg = Release|Any CPU
		{D7DEDDC8-B7A7-4B94-8869-5CD6A546B824}.Release|x64.Build.0 = Release|Any CPU
		{B8E35C10-5F3B-4291-AA88-3FC0359D11D0}.Debug|Any CPU.ActiveCfg = Debug|Any CPU
		{B8E35C10-5F3B-4291-AA88-3FC0359D11D0}.Debug|Any CPU.Build.0 = Debug|Any CPU
		{B8E35C10-5F3B-4291-AA88-3FC0359D11D0}.Debug|x64.ActiveCfg = Debug|Any CPU
		{B8E35C10-5F3B-4291-AA88-3FC0359D11D0}.Debug|x64.Build.0 = Debug|Any CPU
		{B8E35C10-5F3B-4291-AA88-3FC0359D11D0}.Release|Any CPU.ActiveCfg = Release|Any CPU
		{B8E35C10-5F3B-4291-AA88-3FC0359D11D0}.Release|Any CPU.Build.0 = Release|Any CPU
		{B8E35C10-5F3B-4291-AA88-3FC0359D11D0}.Release|x64.ActiveCfg = Release|Any CPU
		{B8E35C10-5F3B-4291-AA88-3FC0359D11D0}.Release|x64.Build.0 = Release|Any CPU
	EndGlobalSection
	GlobalSection(SolutionProperties) = preSolution
		HideSolutionNode = FALSE
	EndGlobalSection
EndGlobal
